{
  "name": "bitorjs-application",
  "version": "1.0.0",
  "lockfileVersion": 1,
  "requires": true,
  "dependencies": {
    "bitorjs-hashhistory": {
      "version": "1.0.0",
      "resolved": "https://registry.npmjs.org/bitorjs-hashhistory/-/bitorjs-hashhistory-1.0.0.tgz",
      "integrity": "sha512-Cq9CiXbtIOAW/qBSaMB26gMLT4/c6iqGflLqY292Dt7aUYZu5mPcCGdFPtFiUDKB9pxLlOWM+W7oEZ/Yy7uBDA=="
    },
    "koa-compose": {
      "version": "4.1.0",
      "resolved": "https://registry.npmjs.org/koa-compose/-/koa-compose-4.1.0.tgz",
      "integrity": "sha512-8ODW8TrDuMYvXRwra/Kh7/rJo9BtOfPc6qO8eAfC80CnCvSjSl0bkRM24X6/XBBEyj0v1nRUQ1LyOy3dbqOWXw=="
    }
  }
}
